// !$*UTF8*$!
{
	archiveVersion = 1;
	classes = {
	};
	objectVersion = 46;
	objects = {

/* Begin PBXBuildFile section */
		FCA417861E45AF8A0057991F /* main.m in Sources */ = {isa = PBXBuildFile; fileRef = FCA417851E45AF8A0057991F /* main.m */; };
		FCA417891E45AF8A0057991F /* AppDelegate.m in Sources */ = {isa = PBXBuildFile; fileRef = FCA417881E45AF8A0057991F /* AppDelegate.m */; };
		FCA4178C1E45AF8A0057991F /* FirstViewController.m in Sources */ = {isa = PBXBuildFile; fileRef = FCA4178B1E45AF8A0057991F /* FirstViewController.m */; };
		FCA4178F1E45AF8A0057991F /* SecondViewController.m in Sources */ = {isa = PBXBuildFile; fileRef = FCA4178E1E45AF8A0057991F /* SecondViewController.m */; };
		FCA417921E45AF8A0057991F /* Main.storyboard in Resources */ = {isa = PBXBuildFile; fileRef = FCA417901E45AF8A0057991F /* Main.storyboard */; };
		FCA417941E45AF8A0057991F /* Assets.xcassets in Resources */ = {isa = PBXBuildFile; fileRef = FCA417931E45AF8A0057991F /* Assets.xcassets */; };
		FCA417971E45AF8A0057991F /* LaunchScreen.storyboard in Resources */ = {isa = PBXBuildFile; fileRef = FCA417951E45AF8A0057991F /* LaunchScreen.storyboard */; };
		FCA417A21E45AF8A0057991F /* MyFirstRestAppTests.m in Sources */ = {isa = PBXBuildFile; fileRef = FCA417A11E45AF8A0057991F /* MyFirstRestAppTests.m */; };
/* End PBXBuildFile section */

/* Begin PBXContainerItemProxy section */
		FCA4179E1E45AF8A0057991F /* PBXContainerItemProxy */ = {
			isa = PBXContainerItemProxy;
			containerPortal = FCA417791E45AF890057991F /* Project object */;
			proxyType = 1;
			remoteGlobalIDString = FCA417801E45AF890057991F;
			remoteInfo = MyFirstRestApp;
		};
/* End PBXContainerItemProxy section */

/* Begin PBXFileReference section */
		FCA417811E45AF8A0057991F /* MyFirstRestApp.app */ = {isa = PBXFileReference; explicitFileType = wrapper.application; includeInIndex = 0; path = MyFirstRestApp.app; sourceTree = BUILT_PRODUCTS_DIR; };
		FCA417851E45AF8A0057991F /* main.m */ = {isa = PBXFileReference; lastKnownFileType = sourcecode.c.objc; path = main.m; sourceTree = "<group>"; };
		FCA417871E45AF8A0057991F /* AppDelegate.h */ = {isa = PBXFileReference; lastKnownFileType = sourcecode.c.h; path = AppDelegate.h; sourceTree = "<group>"; };
		FCA417881E45AF8A0057991F /* AppDelegate.m */ = {isa = PBXFileReference; lastKnownFileType = sourcecode.c.objc; path = AppDelegate.m; sourceTree = "<group>"; };
		FCA4178A1E45AF8A0057991F /* FirstViewController.h */ = {isa = PBXFileReference; lastKnownFileType = sourcecode.c.h; path = FirstViewController.h; sourceTree = "<group>"; };
		FCA4178B1E45AF8A0057991F /* FirstViewController.m */ = {isa = PBXFileReference; lastKnownFileType = sourcecode.c.objc; path = FirstViewController.m; sourceTree = "<group>"; };
		FCA4178D1E45AF8A0057991F /* SecondViewController.h */ = {isa = PBXFileReference; lastKnownFileType = sourcecode.c.h; path = SecondViewController.h; sourceTree = "<group>"; };
		FCA4178E1E45AF8A0057991F /* SecondViewController.m */ = {isa = PBXFileReference; lastKnownFileType = sourcecode.c.objc; path = SecondViewController.m; sourceTree = "<group>"; };
		FCA417911E45AF8A0057991F /* Base */ = {isa = PBXFileReference; lastKnownFileType = file.storyboard; name = Base; path = Base.lproj/Main.storyboard; sourceTree = "<group>"; };
		FCA417931E45AF8A0057991F /* Assets.xcassets */ = {isa = PBXFileReference; lastKnownFileType = folder.assetcatalog; path = Assets.xcassets; sourceTree = "<group>"; };
		FCA417961E45AF8A0057991F /* Base */ = {isa = PBXFileReference; lastKnownFileType = file.storyboard; name = Base; path = Base.lproj/LaunchScreen.storyboard; sourceTree = "<group>"; };
		FCA417981E45AF8A0057991F /* Info.plist */ = {isa = PBXFileReference; lastKnownFileType = text.plist.xml; path = Info.plist; sourceTree = "<group>"; };
		FCA4179D1E45AF8A0057991F /* MyFirstRestAppTests.xctest */ = {isa = PBXFileReference; explicitFileType = wrapper.cfbundle; includeInIndex = 0; path = MyFirstRestAppTests.xctest; sourceTree = BUILT_PRODUCTS_DIR; };
		FCA417A11E45AF8A0057991F /* MyFirstRestAppTests.m */ = {isa = PBXFileReference; lastKnownFileType = sourcecode.c.objc; path = MyFirstRestAppTests.m; sourceTree = "<group>"; };
		FCA417A31E45AF8A0057991F /* Info.plist */ = {isa = PBXFileReference; lastKnownFileType = text.plist.xml; path = Info.plist; sourceTree = "<group>"; };
/* End PBXFileReference section */

/* Begin PBXFrameworksBuildPhase section */
		FCA4177E1E45AF890057991F /* Frameworks */ = {
			isa = PBXFrameworksBuildPhase;
			buildActionMask = 2147483647;
			files = (
			);
			runOnlyForDeploymentPostprocessing = 0;
		};
		FCA4179A1E45AF8A0057991F /* Frameworks */ = {
			isa = PBXFrameworksBuildPhase;
			buildActionMask = 2147483647;
			files = (
			);
			runOnlyForDeploymentPostprocessing = 0;
		};
/* End PBXFrameworksBuildPhase section */

/* Begin PBXGroup section */
		FCA417781E45AF890057991F = {
			isa = PBXGroup;
			children = (
				FCA417831E45AF8A0057991F /* MyFirstRestApp */,
				FCA417A01E45AF8A0057991F /* MyFirstRestAppTests */,
				FCA417821E45AF8A0057991F /* Products */,
			);
			sourceTree = "<group>";
		};
		FCA417821E45AF8A0057991F /* Products */ = {
			isa = PBXGroup;
			children = (
				FCA417811E45AF8A0057991F /* MyFirstRestApp.app */,
				FCA4179D1E45AF8A0057991F /* MyFirstRestAppTests.xctest */,
			);
			name = Products;
			sourceTree = "<group>";
		};
		FCA417831E45AF8A0057991F /* MyFirstRestApp */ = {
			isa = PBXGroup;
			children = (
				FCA417871E45AF8A0057991F /* AppDelegate.h */,
				FCA417881E45AF8A0057991F /* AppDelegate.m */,
				FCA4178A1E45AF8A0057991F /* FirstViewController.h */,
				FCA4178B1E45AF8A0057991F /* FirstViewController.m */,
				FCA4178D1E45AF8A0057991F /* SecondViewController.h */,
				FCA4178E1E45AF8A0057991F /* SecondViewController.m */,
				FCA417901E45AF8A0057991F /* Main.storyboard */,
				FCA417931E45AF8A0057991F /* Assets.xcassets */,
				FCA417951E45AF8A0057991F /* LaunchScreen.storyboard */,
				FCA417981E45AF8A0057991F /* Info.plist */,
				FCA417841E45AF8A0057991F /* Supporting Files */,
			);
			path = MyFirstRestApp;
			sourceTree = "<group>";
		};
		FCA417841E45AF8A0057991F /* Supporting Files */ = {
			isa = PBXGroup;
			children = (
				FCA417851E45AF8A0057991F /* main.m */,
			);
			name = "Supporting Files";
			sourceTree = "<group>";
		};
		FCA417A01E45AF8A0057991F /* MyFirstRestAppTests */ = {
			isa = PBXGroup;
			children = (
				FCA417A11E45AF8A0057991F /* MyFirstRestAppTests.m */,
				FCA417A31E45AF8A0057991F /* Info.plist */,
			);
			path = MyFirstRestAppTests;
			sourceTree = "<group>";
		};
/* End PBXGroup section */

/* Begin PBXNativeTarget section */
		FCA417801E45AF890057991F /* MyFirstRestApp */ = {
			isa = PBXNativeTarget;
			buildConfigurationList = FCA417A61E45AF8A0057991F /* Build configuration list for PBXNativeTarget "MyFirstRestApp" */;
			buildPhases = (
				FCA4177D1E45AF890057991F /* Sources */,
				FCA4177E1E45AF890057991F /* Frameworks */,
				FCA4177F1E45AF890057991F /* Resources */,
			);
			buildRules = (
			);
			dependencies = (
			);
			name = MyFirstRestApp;
			productName = MyFirstRestApp;
			productReference = FCA417811E45AF8A0057991F /* MyFirstRestApp.app */;
			productType = "com.apple.product-type.application";
		};
		FCA4179C1E45AF8A0057991F /* MyFirstRestAppTests */ = {
			isa = PBXNativeTarget;
			buildConfigurationList = FCA417A91E45AF8A0057991F /* Build configuration list for PBXNativeTarget "MyFirstRestAppTests" */;
			buildPhases = (
				FCA417991E45AF8A0057991F /* Sources */,
				FCA4179A1E45AF8A0057991F /* Frameworks */,
				FCA4179B1E45AF8A0057991F /* Resources */,
			);
			buildRules = (
			);
			dependencies = (
				FCA4179F1E45AF8A0057991F /* PBXTargetDependency */,
			);
			name = MyFirstRestAppTests;
			productName = MyFirstRestAppTests;
			productReference = FCA4179D1E45AF8A0057991F /* MyFirstRestAppTests.xctest */;
			productType = "com.apple.product-type.bundle.unit-test";
		};
/* End PBXNativeTarget section */

/* Begin PBXProject section */
		FCA417791E45AF890057991F /* Project object */ = {
			isa = PBXProject;
			attributes = {
				LastUpgradeCheck = 0800;
				ORGANIZATIONNAME = "Ta Minh Quan";
				TargetAttributes = {
					FCA417801E45AF890057991F = {
						CreatedOnToolsVersion = 8.0;
						ProvisioningStyle = Automatic;
					};
					FCA4179C1E45AF8A0057991F = {
						CreatedOnToolsVersion = 8.0;
						ProvisioningStyle = Automatic;
						TestTargetID = FCA417801E45AF890057991F;
					};
				};
			};
			buildConfigurationList = FCA4177C1E45AF890057991F /* Build configuration list for PBXProject "MyFirstRestApp" */;
			compatibilityVersion = "Xcode 3.2";
			developmentRegion = English;
			hasScannedForEncodings = 0;
			knownRegions = (
				en,
				Base,
			);
			mainGroup = FCA417781E45AF890057991F;
			productRefGroup = FCA417821E45AF8A0057991F /* Products */;
			projectDirPath = "";
			projectRoot = "";
			targets = (
				FCA417801E45AF890057991F /* MyFirstRestApp */,
				FCA4179C1E45AF8A0057991F /* MyFirstRestAppTests */,
			);
		};
/* End PBXProject section */

/* Begin PBXResourcesBuildPhase section */
		FCA4177F1E45AF890057991F /* Resources */ = {
			isa = PBXResourcesBuildPhase;
			buildActionMask = 2147483647;
			files = (
				FCA417971E45AF8A0057991F /* LaunchScreen.storyboard in Resources */,
				FCA417941E45AF8A0057991F /* Assets.xcassets in Resources */,
				FCA417921E45AF8A0057991F /* Main.storyboard in Resources */,
			);
			runOnlyForDeploymentPostprocessing = 0;
		};
		FCA4179B1E45AF8A0057991F /* Resources */ = {
			isa = PBXResourcesBuildPhase;
			buildActionMask = 2147483647;
			files = (
			);
			runOnlyForDeploymentPostprocessing = 0;
		};
/* End PBXResourcesBuildPhase section */

/* Begin PBXSourcesBuildPhase section */
		FCA4177D1E45AF890057991F /* Sources */ = {
			isa = PBXSourcesBuildPhase;
			buildActionMask = 2147483647;
			files = (
				FCA4178F1E45AF8A0057991F /* SecondViewController.m in Sources */,
				FCA417891E45AF8A0057991F /* AppDelegate.m in Sources */,
				FCA4178C1E45AF8A0057991F /* FirstViewController.m in Sources */,
				FCA417861E45AF8A0057991F /* main.m in Sources */,
			);
			runOnlyForDeploymentPostprocessing = 0;
		};
		FCA417991E45AF8A0057991F /* Sources */ = {
			isa = PBXSourcesBuildPhase;
			buildActionMask = 2147483647;
			files = (
				FCA417A21E45AF8A0057991F /* MyFirstRestAppTests.m in Sources */,
			);
			runOnlyForDeploymentPostprocessing = 0;
		};
/* End PBXSourcesBuildPhase section */

/* Begin PBXTargetDependency section */
		FCA4179F1E45AF8A0057991F /* PBXTargetDependency */ = {
			isa = PBXTargetDependency;
			target = FCA417801E45AF890057991F /* MyFirstRestApp */;
			targetProxy = FCA4179E1E45AF8A0057991F /* PBXContainerItemProxy */;
		};
/* End PBXTargetDependency section */

/* Begin PBXVariantGroup section */
		FCA417901E45AF8A0057991F /* Main.storyboard */ = {
			isa = PBXVariantGroup;
			children = (
				FCA417911E45AF8A0057991F /* Base */,
			);
			name = Main.storyboard;
			sourceTree = "<group>";
		};
		FCA417951E45AF8A0057991F /* LaunchScreen.storyboard */ = {
			isa = PBXVariantGroup;
			children = (
				FCA417961E45AF8A0057991F /* Base */,
			);
			name = LaunchScreen.storyboard;
			sourceTree = "<group>";
		};
/* End PBXVariantGroup section */

/* Begin XCBuildConfiguration section */
		FCA417A41E45AF8A0057991F /* Debug */ = {
			isa = XCBuildConfiguration;
			buildSettings = {
				ALWAYS_SEARCH_USER_PATHS = NO;
				CLANG_ANALYZER_NONNULL = YES;
				CLANG_CXX_LANGUAGE_STANDARD = "gnu++0x";
				CLANG_CXX_LIBRARY = "libc++";
				CLANG_ENABLE_MODULES = YES;
				CLANG_ENABLE_OBJC_ARC = YES;
				CLANG_WARN_BOOL_CONVERSION = YES;
				CLANG_WARN_CONSTANT_CONVERSION = YES;
				CLANG_WARN_DIRECT_OBJC_ISA_USAGE = YES_ERROR;
				CLANG_WARN_DOCUMENTATION_COMMENTS = YES;
				CLANG_WARN_EMPTY_BODY = YES;
				CLANG_WARN_ENUM_CONVERSION = YES;
				CLANG_WARN_INFINITE_RECURSION = YES;
				CLANG_WARN_INT_CONVERSION = YES;
				CLANG_WARN_OBJC_ROOT_CLASS = YES_ERROR;
				CLANG_WARN_SUSPICIOUS_MOVES = YES;
				CLANG_WARN_UNREACHABLE_CODE = YES;
				CLANG_WARN__DUPLICATE_METHOD_MATCH = YES;
				"CODE_SIGN_IDENTITY[sdk=iphoneos*]" = "iPhone Developer";
				COPY_PHASE_STRIP = NO;
				DEBUG_INFORMATION_FORMAT = dwarf;
				ENABLE_STRICT_OBJC_MSGSEND = YES;
				ENABLE_TESTABILITY = YES;
				GCC_C_LANGUAGE_STANDARD = gnu99;
				GCC_DYNAMIC_NO_PIC = NO;
				GCC_NO_COMMON_BLOCKS = YES;
				GCC_OPTIMIZATION_LEVEL = 0;
				GCC_PREPROCESSOR_DEFINITIONS = (
					"DEBUG=1",
					"$(inherited)",
				);
				GCC_WARN_64_TO_32_BIT_CONVERSION = YES;
				GCC_WARN_ABOUT_RETURN_TYPE = YES_ERROR;
				GCC_WARN_UNDECLARED_SELECTOR = YES;
				GCC_WARN_UNINITIALIZED_AUTOS = YES_AGGRESSIVE;
				GCC_WARN_UNUSED_FUNCTION = YES;
				GCC_WARN_UNUSED_VARIABLE = YES;
				IPHONEOS_DEPLOYMENT_TARGET = 10.0;
				MTL_ENABLE_DEBUG_INFO = YES;
				ONLY_ACTIVE_ARCH = YES;
				SDKROOT = iphoneos;
			};
			name = Debug;
		};
		FCA417A51E45AF8A0057991F /* Release */ = {
			isa = XCBuildConfiguration;
			buildSettings = {
				ALWAYS_SEARCH_USER_PATHS = NO;
				CLANG_ANALYZER_NONNULL = YES;
				CLANG_CXX_LANGUAGE_STANDARD = "gnu++0x";
				CLANG_CXX_LIBRARY = "libc++";
				CLANG_ENABLE_MODULES = YES;
				CLANG_ENABLE_OBJC_ARC = YES;
				CLANG_WARN_BOOL_CONVERSION = YES;
				CLANG_WARN_CONSTANT_CONVERSION = YES;
				CLANG_WARN_DIRECT_OBJC_ISA_USAGE = YES_ERROR;
				CLANG_WARN_DOCUMENTATION_COMMENTS = YES;
				CLANG_WARN_EMPTY_BODY = YES;
				CLANG_WARN_ENUM_CONVERSION = YES;
				CLANG_WARN_INFINITE_RECURSION = YES;
				CLANG_WARN_INT_CONVERSION = YES;
				CLANG_WARN_OBJC_ROOT_CLASS = YES_ERROR;
				CLANG_WARN_SUSPICIOUS_MOVES = YES;
				CLANG_WARN_UNREACHABLE_CODE = YES;
				CLANG_WARN__DUPLICATE_METHOD_MATCH = YES;
				"CODE_SIGN_IDENTITY[sdk=iphoneos*]" = "iPhone Developer";
				COPY_PHASE_STRIP = NO;
				DEBUG_INFORMATION_FORMAT = "dwarf-with-dsym";
				ENABLE_NS_ASSERTIONS = NO;
				ENABLE_STRICT_OBJC_MSGSEND = YES;
				GCC_C_LANGUAGE_STANDARD = gnu99;
				GCC_NO_COMMON_BLOCKS = YES;
				GCC_WARN_64_TO_32_BIT_CONVERSION = YES;
				GCC_WARN_ABOUT_RETURN_TYPE = YES_ERROR;
				GCC_WARN_UNDECLARED_SELECTOR = YES;
				GCC_WARN_UNINITIALIZED_AUTOS = YES_AGGRESSIVE;
				GCC_WARN_UNUSED_FUNCTION = YES;
				GCC_WARN_UNUSED_VARIABLE = YES;
				IPHONEOS_DEPLOYMENT_TARGET = 10.0;
				MTL_ENABLE_DEBUG_INFO = NO;
				SDKROOT = iphoneos;
				VALIDATE_PRODUCT = YES;
			};
			name = Release;
		};
		FCA417A71E45AF8A0057991F /* Debug */ = {
			isa = XCBuildConfiguration;
			buildSettings = {
				ASSETCATALOG_COMPILER_APPICON_NAME = AppIcon;
				INFOPLIST_FILE = MyFirstRestApp/Info.plist;
				LD_RUNPATH_SEARCH_PATHS = "$(inherited) @executable_path/Frameworks";
				PRODUCT_BUNDLE_IDENTIFIER = quan.MyFirstRestApp;
				PRODUCT_NAME = "$(TARGET_NAME)";
			};
			name = Debug;
		};
		FCA417A81E45AF8A0057991F /* Release */ = {
			isa = XCBuildConfiguration;
			buildSettings = {
				ASSETCATALOG_COMPILER_APPICON_NAME = AppIcon;
				INFOPLIST_FILE = MyFirstRestApp/Info.plist;
				LD_RUNPATH_SEARCH_PATHS = "$(inherited) @executable_path/Frameworks";
				PRODUCT_BUNDLE_IDENTIFIER = quan.MyFirstRestApp;
				PRODUCT_NAME = "$(TARGET_NAME)";
			};
			name = Release;
		};
		FCA417AA1E45AF8A0057991F /* Debug */ = {
			isa = XCBuildConfiguration;
			buildSettings = {
				BUNDLE_LOADER = "$(TEST_HOST)";
				INFOPLIST_FILE = MyFirstRestAppTests/Info.plist;
				LD_RUNPATH_SEARCH_PATHS = "$(inherited) @executable_path/Frameworks @loader_path/Frameworks";
				PRODUCT_BUNDLE_IDENTIFIER = quan.MyFirstRestAppTests;
				PRODUCT_NAME = "$(TARGET_NAME)";
				TEST_HOST = "$(BUILT_PRODUCTS_DIR)/MyFirstRestApp.app/MyFirstRestApp";
			};
			name = Debug;
		};
		FCA417AB1E45AF8A0057991F /* Release */ = {
			isa = XCBuildConfiguration;
			buildSettings = {
				BUNDLE_LOADER = "$(TEST_HOST)";
				INFOPLIST_FILE = MyFirstRestAppTests/Info.plist;
				LD_RUNPATH_SEARCH_PATHS = "$(inherited) @executable_path/Frameworks @loader_path/Frameworks";
				PRODUCT_BUNDLE_IDENTIFIER = quan.MyFirstRestAppTests;
				PRODUCT_NAME = "$(TARGET_NAME)";
				TEST_HOST = "$(BUILT_PRODUCTS_DIR)/MyFirstRestApp.app/MyFirstRestApp";
			};
			name = Release;
		};
/* End XCBuildConfiguration section */

/* Begin XCConfigurationList section */
		FCA4177C1E45AF890057991F /* Build configuration list for PBXProject "MyFirstRestApp" */ = {
			isa = XCConfigurationList;
			buildConfigurations = (
				FCA417A41E45AF8A0057991F /* Debug */,
				FCA417A51E45AF8A0057991F /* Release */,
			);
			defaultConfigurationIsVisible = 0;
			defaultConfigurationName = Release;
		};
		FCA417A61E45AF8A0057991F /* Build configuration list for PBXNativeTarget "MyFirstRestApp" */ = {
			isa = XCConfigurationList;
			buildConfigurations = (
				FCA417A71E45AF8A0057991F /* Debug */,
				FCA417A81E45AF8A0057991F /* Release */,
			);
			defaultConfigurationIsVisible = 0;
		};
		FCA417A91E45AF8A0057991F /* Build configuration list for PBXNativeTarget "MyFirstRestAppTests" */ = {
			isa = XCConfigurationList;
			buildConfigurations = (
				FCA417AA1E45AF8A0057991F /* Debug */,
				FCA417AB1E45AF8A0057991F /* Release */,
			);
			defaultConfigurationIsVisible = 0;
		};
/* End XCConfigurationList section */
	};
	rootObject = FCA417791E45AF890057991F /* Project object */;
}
